// !$*UTF8*$!
{
	archiveVersion = 1;
	classes = {
	};
	objectVersion = 50;
	objects = {

/* Begin PBXBuildFile section */
		8058C098236C56A200E7DF78 /* AppDelegate.swift in Sources */ = {isa = PBXBuildFile; fileRef = 8058C097236C56A200E7DF78 /* AppDelegate.swift */; };
		8058C09A236C56A200E7DF78 /* SceneDelegate.swift in Sources */ = {isa = PBXBuildFile; fileRef = 8058C099236C56A200E7DF78 /* SceneDelegate.swift */; };
		8058C09F236C56A200E7DF78 /* Main.storyboard in Resources */ = {isa = PBXBuildFile; fileRef = 8058C09D236C56A200E7DF78 /* Main.storyboard */; };
		8058C0A1236C56A500E7DF78 /* Assets.xcassets in Resources */ = {isa = PBXBuildFile; fileRef = 8058C0A0236C56A500E7DF78 /* Assets.xcassets */; };
		8058C0A4236C56A500E7DF78 /* LaunchScreen.storyboard in Resources */ = {isa = PBXBuildFile; fileRef = 8058C0A2236C56A500E7DF78 /* LaunchScreen.storyboard */; };
		8074C52E236C742500D7378A /* Segmentio.swift in Sources */ = {isa = PBXBuildFile; fileRef = 8074C52D236C742500D7378A /* Segmentio.swift */; };
		80A83942236D826C007AAE3B /* HomeViewController.swift in Sources */ = {isa = PBXBuildFile; fileRef = 80A83941236D826C007AAE3B /* HomeViewController.swift */; };
		80A83944236D839F007AAE3B /* EmbedContainerViewController.swift in Sources */ = {isa = PBXBuildFile; fileRef = 80A83943236D839F007AAE3B /* EmbedContainerViewController.swift */; };
		80A83946236DB15E007AAE3B /* SegmentioOptions.swift in Sources */ = {isa = PBXBuildFile; fileRef = 80A83945236DB15E007AAE3B /* SegmentioOptions.swift */; };
/* End PBXBuildFile section */

/* Begin PBXFileReference section */
		8058C094236C56A200E7DF78 /* SegmentioCopy.app */ = {isa = PBXFileReference; explicitFileType = wrapper.application; includeInIndex = 0; path = SegmentioCopy.app; sourceTree = BUILT_PRODUCTS_DIR; };
		8058C097236C56A200E7DF78 /* AppDelegate.swift */ = {isa = PBXFileReference; lastKnownFileType = sourcecode.swift; path = AppDelegate.swift; sourceTree = "<group>"; };
		8058C099236C56A200E7DF78 /* SceneDelegate.swift */ = {isa = PBXFileReference; lastKnownFileType = sourcecode.swift; path = SceneDelegate.swift; sourceTree = "<group>"; };
		8058C09E236C56A200E7DF78 /* Base */ = {isa = PBXFileReference; lastKnownFileType = file.storyboard; name = Base; path = Base.lproj/Main.storyboard; sourceTree = "<group>"; };
		8058C0A0236C56A500E7DF78 /* Assets.xcassets */ = {isa = PBXFileReference; lastKnownFileType = folder.assetcatalog; path = Assets.xcassets; sourceTree = "<group>"; };
		8058C0A3236C56A500E7DF78 /* Base */ = {isa = PBXFileReference; lastKnownFileType = file.storyboard; name = Base; path = Base.lproj/LaunchScreen.storyboard; sourceTree = "<group>"; };
		8058C0A5236C56A500E7DF78 /* Info.plist */ = {isa = PBXFileReference; lastKnownFileType = text.plist.xml; path = Info.plist; sourceTree = "<group>"; };
		8074C52D236C742500D7378A /* Segmentio.swift */ = {isa = PBXFileReference; lastKnownFileType = sourcecode.swift; path = Segmentio.swift; sourceTree = "<group>"; };
		80A83941236D826C007AAE3B /* HomeViewController.swift */ = {isa = PBXFileReference; lastKnownFileType = sourcecode.swift; path = HomeViewController.swift; sourceTree = "<group>"; };
		80A83943236D839F007AAE3B /* EmbedContainerViewController.swift */ = {isa = PBXFileReference; lastKnownFileType = sourcecode.swift; path = EmbedContainerViewController.swift; sourceTree = "<group>"; };
		80A83945236DB15E007AAE3B /* SegmentioOptions.swift */ = {isa = PBXFileReference; lastKnownFileType = sourcecode.swift; path = SegmentioOptions.swift; sourceTree = "<group>"; };
/* End PBXFileReference section */

/* Begin PBXFrameworksBuildPhase section */
		8058C091236C56A200E7DF78 /* Frameworks */ = {
			isa = PBXFrameworksBuildPhase;
			buildActionMask = 2147483647;
			files = (
			);
			runOnlyForDeploymentPostprocessing = 0;
		};
/* End PBXFrameworksBuildPhase section */

/* Begin PBXGroup section */
		8058C08B236C56A200E7DF78 = {
			isa = PBXGroup;
			children = (
				8058C096236C56A200E7DF78 /* SegmentioCopy */,
				8058C095236C56A200E7DF78 /* Products */,
			);
			sourceTree = "<group>";
		};
		8058C095236C56A200E7DF78 /* Products */ = {
			isa = PBXGroup;
			children = (
				8058C094236C56A200E7DF78 /* SegmentioCopy.app */,
			);
			name = Products;
			sourceTree = "<group>";
		};
		8058C096236C56A200E7DF78 /* SegmentioCopy */ = {
			isa = PBXGroup;
			children = (
				8074C52C236C740600D7378A /* Segmentio */,
				8058C097236C56A200E7DF78 /* AppDelegate.swift */,
				8058C099236C56A200E7DF78 /* SceneDelegate.swift */,
				8058C09D236C56A200E7DF78 /* Main.storyboard */,
				8058C0A0236C56A500E7DF78 /* Assets.xcassets */,
				8058C0A2236C56A500E7DF78 /* LaunchScreen.storyboard */,
				8058C0A5236C56A500E7DF78 /* Info.plist */,
				80A83941236D826C007AAE3B /* HomeViewController.swift */,
				80A83943236D839F007AAE3B /* EmbedContainerViewController.swift */,
			);
			path = SegmentioCopy;
			sourceTree = "<group>";
		};
		8074C52C236C740600D7378A /* Segmentio */ = {
			isa = PBXGroup;
			children = (
				8074C52D236C742500D7378A /* Segmentio.swift */,
				80A83945236DB15E007AAE3B /* SegmentioOptions.swift */,
			);
			path = Segmentio;
			sourceTree = "<group>";
		};
/* End PBXGroup section */

/* Begin PBXNativeTarget section */
		8058C093236C56A200E7DF78 /* SegmentioCopy */ = {
			isa = PBXNativeTarget;
			buildConfigurationList = 8058C0A8236C56A500E7DF78 /* Build configuration list for PBXNativeTarget "SegmentioCopy" */;
			buildPhases = (
				8058C090236C56A200E7DF78 /* Sources */,
				8058C091236C56A200E7DF78 /* Frameworks */,
				8058C092236C56A200E7DF78 /* Resources */,
			);
			buildRules = (
			);
			dependencies = (
			);
			name = SegmentioCopy;
			productName = SegmentioCopy;
			productReference = 8058C094236C56A200E7DF78 /* SegmentioCopy.app */;
			productType = "com.apple.product-type.application";
		};
/* End PBXNativeTarget section */

/* Begin PBXProject section */
		8058C08C236C56A200E7DF78 /* Project object */ = {
			isa = PBXProject;
			attributes = {
				LastSwiftUpdateCheck = 1100;
				LastUpgradeCheck = 1100;
				ORGANIZATIONNAME = "毕志锋";
				TargetAttributes = {
					8058C093236C56A200E7DF78 = {
						CreatedOnToolsVersion = 11.0;
					};
				};
			};
			buildConfigurationList = 8058C08F236C56A200E7DF78 /* Build configuration list for PBXProject "SegmentioCopy" */;
			compatibilityVersion = "Xcode 9.3";
			developmentRegion = en;
			hasScannedForEncodings = 0;
			knownRegions = (
				en,
				Base,
			);
			mainGroup = 8058C08B236C56A200E7DF78;
			productRefGroup = 8058C095236C56A200E7DF78 /* Products */;
			projectDirPath = "";
			projectRoot = "";
			targets = (
				8058C093236C56A200E7DF78 /* SegmentioCopy */,
			);
		};
/* End PBXProject section */

/* Begin PBXResourcesBuildPhase section */
		8058C092236C56A200E7DF78 /* Resources */ = {
			isa = PBXResourcesBuildPhase;
			buildActionMask = 2147483647;
			files = (
				8058C0A4236C56A500E7DF78 /* LaunchScreen.storyboard in Resources */,
				8058C0A1236C56A500E7DF78 /* Assets.xcassets in Resources */,
				8058C09F236C56A200E7DF78 /* Main.storyboard in Resources */,
			);
			runOnlyForDeploymentPostprocessing = 0;
		};
/* End PBXResourcesBuildPhase section */

/* Begin PBXSourcesBuildPhase section */
		8058C090236C56A200E7DF78 /* Sources */ = {
			isa = PBXSourcesBuildPhase;
			buildActionMask = 2147483647;
			files = (
				80A83946236DB15E007AAE3B /* SegmentioOptions.swift in Sources */,
				8074C52E236C742500D7378A /* Segmentio.swift in Sources */,
				8058C098236C56A200E7DF78 /* AppDelegate.swift in Sources */,
				80A83944236D839F007AAE3B /* EmbedContainerViewController.swift in Sources */,
				8058C09A236C56A200E7DF78 /* SceneDelegate.swift in Sources */,
				80A83942236D826C007AAE3B /* HomeViewController.swift in Sources */,
			);
			runOnlyForDeploymentPostprocessing = 0;
		};
/* End PBXSourcesBuildPhase section */

/* Begin PBXVariantGroup section */
		8058C09D236C56A200E7DF78 /* Main.storyboard */ = {
			isa = PBXVariantGroup;
			children = (
				8058C09E236C56A200E7DF78 /* Base */,
			);
			name = Main.storyboard;
			sourceTree = "<group>";
		};
		8058C0A2236C56A500E7DF78 /* LaunchScreen.storyboard */ = {
			isa = PBXVariantGroup;
			children = (
				8058C0A3236C56A500E7DF78 /* Base */,
			);
			name = LaunchScreen.storyboard;
			sourceTree = "<group>";
		};
/* End PBXVariantGroup section */

/* Begin XCBuildConfiguration section */
		8058C0A6236C56A500E7DF78 /* Debug */ = {
			isa = XCBuildConfiguration;
			buildSettings = {
				ALWAYS_SEARCH_USER_PATHS = NO;
				CLANG_ANALYZER_NONNULL = YES;
				CLANG_ANALYZER_NUMBER_OBJECT_CONVERSION = YES_AGGRESSIVE;
				CLANG_CXX_LANGUAGE_STANDARD = "gnu++14";
				CLANG_CXX_LIBRARY = "libc++";
				CLANG_ENABLE_MODULES = YES;
				CLANG_ENABLE_OBJC_ARC = YES;
				CLANG_ENABLE_OBJC_WEAK = YES;
				CLANG_WARN_BLOCK_CAPTURE_AUTORELEASING = YES;
				CLANG_WARN_BOOL_CONVERSION = YES;
				CLANG_WARN_COMMA = YES;
				CLANG_WARN_CONSTANT_CONVERSION = YES;
				CLANG_WARN_DEPRECATED_OBJC_IMPLEMENTATIONS = YES;
				CLANG_WARN_DIRECT_OBJC_ISA_USAGE = YES_ERROR;
				CLANG_WARN_DOCUMENTATION_COMMENTS = YES;
				CLANG_WARN_EMPTY_BODY = YES;
				CLANG_WARN_ENUM_CONVERSION = YES;
				CLANG_WARN_INFINITE_RECURSION = YES;
				CLANG_WARN_INT_CONVERSION = YES;
				CLANG_WARN_NON_LITERAL_NULL_CONVERSION = YES;
				CLANG_WARN_OBJC_IMPLICIT_RETAIN_SELF = YES;
				CLANG_WARN_OBJC_LITERAL_CONVERSION = YES;
				CLANG_WARN_OBJC_ROOT_CLASS = YES_ERROR;
				CLANG_WARN_RANGE_LOOP_ANALYSIS = YES;
				CLANG_WARN_STRICT_PROTOTYPES = YES;
				CLANG_WARN_SUSPICIOUS_MOVE = YES;
				CLANG_WARN_UNGUARDED_AVAILABILITY = YES_AGGRESSIVE;
				CLANG_WARN_UNREACHABLE_CODE = YES;
				CLANG_WARN__DUPLICATE_METHOD_MATCH = YES;
				COPY_PHASE_STRIP = NO;
				DEBUG_INFORMATION_FORMAT = dwarf;
				ENABLE_STRICT_OBJC_MSGSEND = YES;
				ENABLE_TESTABILITY = YES;
				GCC_C_LANGUAGE_STANDARD = gnu11;
				GCC_DYNAMIC_NO_PIC = NO;
				GCC_NO_COMMON_BLOCKS = YES;
				GCC_OPTIMIZATION_LEVEL = 0;
				GCC_PREPROCESSOR_DEFINITIONS = (
					"DEBUG=1",
					"$(inherited)",
				);
				GCC_WARN_64_TO_32_BIT_CONVERSION = YES;
				GCC_WARN_ABOUT_RETURN_TYPE = YES_ERROR;
				GCC_WARN_UNDECLARED_SELECTOR = YES;
				GCC_WARN_UNINITIALIZED_AUTOS = YES_AGGRESSIVE;
				GCC_WARN_UNUSED_FUNCTION = YES;
				GCC_WARN_UNUSED_VARIABLE = YES;
				IPHONEOS_DEPLOYMENT_TARGET = 13.0;
				MTL_ENABLE_DEBUG_INFO = INCLUDE_SOURCE;
				MTL_FAST_MATH = YES;
				ONLY_ACTIVE_ARCH = YES;
				SDKROOT = iphoneos;
				SWIFT_ACTIVE_COMPILATION_CONDITIONS = DEBUG;
				SWIFT_OPTIMIZATION_LEVEL = "-Onone";
			};
			name = Debug;
		};
		8058C0A7236C56A500E7DF78 /* Release */ = {
			isa = XCBuildConfiguration;
			buildSettings = {
				ALWAYS_SEARCH_USER_PATHS = NO;
				CLANG_ANALYZER_NONNULL = YES;
				CLANG_ANALYZER_NUMBER_OBJECT_CONVERSION = YES_AGGRESSIVE;
				CLANG_CXX_LANGUAGE_STANDARD = "gnu++14";
				CLANG_CXX_LIBRARY = "libc++";
				CLANG_ENABLE_MODULES = YES;
				CLANG_ENABLE_OBJC_ARC = YES;
				CLANG_ENABLE_OBJC_WEAK = YES;
				CLANG_WARN_BLOCK_CAPTURE_AUTORELEASING = YES;
				CLANG_WARN_BOOL_CONVERSION = YES;
				CLANG_WARN_COMMA = YES;
				CLANG_WARN_CONSTANT_CONVERSION = YES;
				CLANG_WARN_DEPRECATED_OBJC_IMPLEMENTATIONS = YES;
				CLANG_WARN_DIRECT_OBJC_ISA_USAGE = YES_ERROR;
				CLANG_WARN_DOCUMENTATION_COMMENTS = YES;
				CLANG_WARN_EMPTY_BODY = YES;
				CLANG_WARN_ENUM_CONVERSION = YES;
				CLANG_WARN_INFINITE_RECURSION = YES;
				CLANG_WARN_INT_CONVERSION = YES;
				CLANG_WARN_NON_LITERAL_NULL_CONVERSION = YES;
				CLANG_WARN_OBJC_IMPLICIT_RETAIN_SELF = YES;
				CLANG_WARN_OBJC_LITERAL_CONVERSION = YES;
				CLANG_WARN_OBJC_ROOT_CLASS = YES_ERROR;
				CLANG_WARN_RANGE_LOOP_ANALYSIS = YES;
				CLANG_WARN_STRICT_PROTOTYPES = YES;
				CLANG_WARN_SUSPICIOUS_MOVE = YES;
				CLANG_WARN_UNGUARDED_AVAILABILITY = YES_AGGRESSIVE;
				CLANG_WARN_UNREACHABLE_CODE = YES;
				CLANG_WARN__DUPLICATE_METHOD_MATCH = YES;
				COPY_PHASE_STRIP = NO;
				DEBUG_INFORMATION_FORMAT = "dwarf-with-dsym";
				ENABLE_NS_ASSERTIONS = NO;
				ENABLE_STRICT_OBJC_MSGSEND = YES;
				GCC_C_LANGUAGE_STANDARD = gnu11;
				GCC_NO_COMMON_BLOCKS = YES;
				GCC_WARN_64_TO_32_BIT_CONVERSION = YES;
				GCC_WARN_ABOUT_RETURN_TYPE = YES_ERROR;
				GCC_WARN_UNDECLARED_SELECTOR = YES;
				GCC_WARN_UNINITIALIZED_AUTOS = YES_AGGRESSIVE;
				GCC_WARN_UNUSED_FUNCTION = YES;
				GCC_WARN_UNUSED_VARIABLE = YES;
				IPHONEOS_DEPLOYMENT_TARGET = 13.0;
				MTL_ENABLE_DEBUG_INFO = NO;
				MTL_FAST_MATH = YES;
				SDKROOT = iphoneos;
				SWIFT_COMPILATION_MODE = wholemodule;
				SWIFT_OPTIMIZATION_LEVEL = "-O";
				VALIDATE_PRODUCT = YES;
			};
			name = Release;
		};
		8058C0A9236C56A500E7DF78 /* Debug */ = {
			isa = XCBuildConfiguration;
			buildSettings = {
				ASSETCATALOG_COMPILER_APPICON_NAME = AppIcon;
				CODE_SIGN_STYLE = Automatic;
				DEVELOPMENT_TEAM = 4ZFX22UBQA;
				INFOPLIST_FILE = SegmentioCopy/Info.plist;
				LD_RUNPATH_SEARCH_PATHS = (
					"$(inherited)",
					"@executable_path/Frameworks",
				);
				PRODUCT_BUNDLE_IDENTIFIER = net.distribution.app.SegmentioCopy;
				PRODUCT_NAME = "$(TARGET_NAME)";
				SWIFT_VERSION = 5.0;
				TARGETED_DEVICE_FAMILY = "1,2";
			};
			name = Debug;
		};
		8058C0AA236C56A500E7DF78 /* Release */ = {
			isa = XCBuildConfiguration;
			buildSettings = {
				ASSETCATALOG_COMPILER_APPICON_NAME = AppIcon;
				CODE_SIGN_STYLE = Automatic;
				DEVELOPMENT_TEAM = 4ZFX22UBQA;
				INFOPLIST_FILE = SegmentioCopy/Info.plist;
				LD_RUNPATH_SEARCH_PATHS = (
					"$(inherited)",
					"@executable_path/Frameworks",
				);
				PRODUCT_BUNDLE_IDENTIFIER = net.distribution.app.SegmentioCopy;
				PRODUCT_NAME = "$(TARGET_NAME)";
				SWIFT_VERSION = 5.0;
				TARGETED_DEVICE_FAMILY = "1,2";
			};
			name = Release;
		};
/* End XCBuildConfiguration section */

/* Begin XCConfigurationList section */
		8058C08F236C56A200E7DF78 /* Build configuration list for PBXProject "SegmentioCopy" */ = {
			isa = XCConfigurationList;
			buildConfigurations = (
				8058C0A6236C56A500E7DF78 /* Debug */,
				8058C0A7236C56A500E7DF78 /* Release */,
			);
			defaultConfigurationIsVisible = 0;
			defaultConfigurationName = Release;
		};
		8058C0A8236C56A500E7DF78 /* Build configuration list for PBXNativeTarget "SegmentioCopy" */ = {
			isa = XCConfigurationList;
			buildConfigurations = (
				8058C0A9236C56A500E7DF78 /* Debug */,
				8058C0AA236C56A500E7DF78 /* Release */,
			);
			defaultConfigurationIsVisible = 0;
			defaultConfigurationName = Release;
		};
/* End XCConfigurationList section */
	};
	rootObject = 8058C08C236C56A200E7DF78 /* Project object */;
}
